
Microsoft Visual Studio Solution File, Format Version 12.00
# Visual Studio Version 17
VisualStudioVersion = 17.4.33205.214
MinimumVisualStudioVersion = 10.0.40219.1
Project("{2150E333-8FDC-42A3-9474-1A3956D46DE8}") = "src", "src", "{967205FC-A1B0-4295-A62F-9B6587647FAA}"
EndProject
Project("{2150E333-8FDC-42A3-9474-1A3956D46DE8}") = "tests", "tests", "{81641BF6-C80C-44C6-AAF2-7D2C7D9EB690}"
EndProject
Project("{9A19103F-16F7-4668-BE54-9A1E7A4F7556}") = "EazyQuiz.Web.Api", "src\EazyQuiz.Web.Api\EazyQuiz.Web.Api.csproj", "{CD59146C-F906-45FC-A198-AB31152A610F}"
EndProject
Project("{9A19103F-16F7-4668-BE54-9A1E7A4F7556}") = "EazyQuiz.Web.Tests", "tests\EazyQuiz.Web.Tests\EazyQuiz.Web.Tests.csproj", "{91AC0748-9B30-4319-A1E9-4C43DCFBD45F}"
EndProject
Project("{2150E333-8FDC-42A3-9474-1A3956D46DE8}") = "Solution Items", "Solution Items", "{C07AA022-1F7B-4239-8411-FBC8BA7448F8}"
	ProjectSection(SolutionItems) = preProject
		.editorconfig = .editorconfig
		global.json = global.json
	EndProjectSection
EndProject
Project("{9A19103F-16F7-4668-BE54-9A1E7A4F7556}") = "EazyQuiz.Extensions", "src\EazyQuiz.Extensions\EazyQuiz.Extensions.csproj", "{6E9AA1FA-FE44-4D29-95C6-F50CF50CF109}"
EndProject
Project("{9A19103F-16F7-4668-BE54-9A1E7A4F7556}") = "EazyQuiz.Cryptography", "src\EazyQuiz.Cryptography\EazyQuiz.Cryptography.csproj", "{5680C28A-FE4B-4EBA-8799-6D51DC7CA0D6}"
EndProject
Project("{9A19103F-16F7-4668-BE54-9A1E7A4F7556}") = "EazyQuiz.Cryptography.Tests", "tests\EazyQuiz.Cryptography.Tests\EazyQuiz.Cryptography.Tests.csproj", "{274A66C1-7332-41D4-BF51-39C12E1570DC}"
EndProject
Project("{9A19103F-16F7-4668-BE54-9A1E7A4F7556}") = "EazyQuiz.Extensioons.Tests", "tests\EazyQuiz.Extensioons.Tests\EazyQuiz.Extensioons.Tests.csproj", "{699931C8-9403-46B9-85CE-3D5B40BFC7AF}"
EndProject
Project("{9A19103F-16F7-4668-BE54-9A1E7A4F7556}") = "EazyQuiz.Models.DTO", "src\EazyQuiz.Models.DTO\EazyQuiz.Models.DTO.csproj", "{256026B3-AE03-4D86-93D6-1844D06F9F1D}"
EndProject
Project("{9A19103F-16F7-4668-BE54-9A1E7A4F7556}") = "EazyQuiz.Data", "src\EazyQuiz.Data\EazyQuiz.Data.csproj", "{8646FC50-B3C5-42E3-AFB5-A84B0EC03A6D}"
EndProject
Project("{9A19103F-16F7-4668-BE54-9A1E7A4F7556}") = "EazyQuiz.Data.Entities", "src\EazyQuiz.Data.Entities\EazyQuiz.Data.Entities.csproj", "{DC74EBDF-D48A-47E6-B28F-2F97A3C69D76}"
EndProject
Global
	GlobalSection(SolutionConfigurationPlatforms) = preSolution
		Debug|Any CPU = Debug|Any CPU
		Release|Any CPU = Release|Any CPU
	EndGlobalSection
	GlobalSection(ProjectConfigurationPlatforms) = postSolution
		{CD59146C-F906-45FC-A198-AB31152A610F}.Debug|Any CPU.ActiveCfg = Debug|Any CPU
		{CD59146C-F906-45FC-A198-AB31152A610F}.Debug|Any CPU.Build.0 = Debug|Any CPU
		{CD59146C-F906-45FC-A198-AB31152A610F}.Release|Any CPU.ActiveCfg = Release|Any CPU
		{CD59146C-F906-45FC-A198-AB31152A610F}.Release|Any CPU.Build.0 = Release|Any CPU
		{91AC0748-9B30-4319-A1E9-4C43DCFBD45F}.Debug|Any CPU.ActiveCfg = Debug|Any CPU
		{91AC0748-9B30-4319-A1E9-4C43DCFBD45F}.Debug|Any CPU.Build.0 = Debug|Any CPU
		{91AC0748-9B30-4319-A1E9-4C43DCFBD45F}.Release|Any CPU.ActiveCfg = Release|Any CPU
		{91AC0748-9B30-4319-A1E9-4C43DCFBD45F}.Release|Any CPU.Build.0 = Release|Any CPU
		{6E9AA1FA-FE44-4D29-95C6-F50CF50CF109}.Debug|Any CPU.ActiveCfg = Debug|Any CPU
		{6E9AA1FA-FE44-4D29-95C6-F50CF50CF109}.Debug|Any CPU.Build.0 = Debug|Any CPU
		{6E9AA1FA-FE44-4D29-95C6-F50CF50CF109}.Release|Any CPU.ActiveCfg = Release|Any CPU
		{6E9AA1FA-FE44-4D29-95C6-F50CF50CF109}.Release|Any CPU.Build.0 = Release|Any CPU
		{5680C28A-FE4B-4EBA-8799-6D51DC7CA0D6}.Debug|Any CPU.ActiveCfg = Debug|Any CPU
		{5680C28A-FE4B-4EBA-8799-6D51DC7CA0D6}.Debug|Any CPU.Build.0 = Debug|Any CPU
		{5680C28A-FE4B-4EBA-8799-6D51DC7CA0D6}.Release|Any CPU.ActiveCfg = Release|Any CPU
		{5680C28A-FE4B-4EBA-8799-6D51DC7CA0D6}.Release|Any CPU.Build.0 = Release|Any CPU
		{274A66C1-7332-41D4-BF51-39C12E1570DC}.Debug|Any CPU.ActiveCfg = Debug|Any CPU
		{274A66C1-7332-41D4-BF51-39C12E1570DC}.Debug|Any CPU.Build.0 = Debug|Any CPU
		{274A66C1-7332-41D4-BF51-39C12E1570DC}.Release|Any CPU.ActiveCfg = Release|Any CPU
		{274A66C1-7332-41D4-BF51-39C12E1570DC}.Release|Any CPU.Build.0 = Release|Any CPU
		{699931C8-9403-46B9-85CE-3D5B40BFC7AF}.Debug|Any CPU.ActiveCfg = Debug|Any CPU
		{699931C8-9403-46B9-85CE-3D5B40BFC7AF}.Debug|Any CPU.Build.0 = Debug|Any CPU
		{699931C8-9403-46B9-85CE-3D5B40BFC7AF}.Release|Any CPU.ActiveCfg = Release|Any CPU
		{699931C8-9403-46B9-85CE-3D5B40BFC7AF}.Release|Any CPU.Build.0 = Release|Any CPU
		{256026B3-AE03-4D86-93D6-1844D06F9F1D}.Debug|Any CPU.ActiveCfg = Debug|Any CPU
		{256026B3-AE03-4D86-93D6-1844D06F9F1D}.Debug|Any CPU.Build.0 = Debug|Any CPU
		{256026B3-AE03-4D86-93D6-1844D06F9F1D}.Release|Any CPU.ActiveCfg = Release|Any CPU
		{256026B3-AE03-4D86-93D6-1844D06F9F1D}.Release|Any CPU.Build.0 = Release|Any CPU
		{8646FC50-B3C5-42E3-AFB5-A84B0EC03A6D}.Debug|Any CPU.ActiveCfg = Debug|Any CPU
		{8646FC50-B3C5-42E3-AFB5-A84B0EC03A6D}.Debug|Any CPU.Build.0 = Debug|Any CPU
		{8646FC50-B3C5-42E3-AFB5-A84B0EC03A6D}.Release|Any CPU.ActiveCfg = Release|Any CPU
		{8646FC50-B3C5-42E3-AFB5-A84B0EC03A6D}.Release|Any CPU.Build.0 = Release|Any CPU
		{DC74EBDF-D48A-47E6-B28F-2F97A3C69D76}.Debug|Any CPU.ActiveCfg = Debug|Any CPU
		{DC74EBDF-D48A-47E6-B28F-2F97A3C69D76}.Debug|Any CPU.Build.0 = Debug|Any CPU
		{DC74EBDF-D48A-47E6-B28F-2F97A3C69D76}.Release|Any CPU.ActiveCfg = Release|Any CPU
		{DC74EBDF-D48A-47E6-B28F-2F97A3C69D76}.Release|Any CPU.Build.0 = Release|Any CPU
	EndGlobalSection
	GlobalSection(SolutionProperties) = preSolution
		HideSolutionNode = FALSE
	EndGlobalSection
	GlobalSection(NestedProjects) = preSolution
		{CD59146C-F906-45FC-A198-AB31152A610F} = {967205FC-A1B0-4295-A62F-9B6587647FAA}
		{91AC0748-9B30-4319-A1E9-4C43DCFBD45F} = {81641BF6-C80C-44C6-AAF2-7D2C7D9EB690}
		{6E9AA1FA-FE44-4D29-95C6-F50CF50CF109} = {967205FC-A1B0-4295-A62F-9B6587647FAA}
		{5680C28A-FE4B-4EBA-8799-6D51DC7CA0D6} = {967205FC-A1B0-4295-A62F-9B6587647FAA}
		{274A66C1-7332-41D4-BF51-39C12E1570DC} = {81641BF6-C80C-44C6-AAF2-7D2C7D9EB690}
		{699931C8-9403-46B9-85CE-3D5B40BFC7AF} = {81641BF6-C80C-44C6-AAF2-7D2C7D9EB690}
		{256026B3-AE03-4D86-93D6-1844D06F9F1D} = {967205FC-A1B0-4295-A62F-9B6587647FAA}
		{8646FC50-B3C5-42E3-AFB5-A84B0EC03A6D} = {967205FC-A1B0-4295-A62F-9B6587647FAA}
		{DC74EBDF-D48A-47E6-B28F-2F97A3C69D76} = {967205FC-A1B0-4295-A62F-9B6587647FAA}
	EndGlobalSection
	GlobalSection(ExtensibilityGlobals) = postSolution
		SolutionGuid = {E9DF3BFA-6A82-4069-A936-4C737D9C7A18}
	EndGlobalSection
EndGlobal
