
Microsoft Visual Studio Solution File, Format Version 12.00
# Visual Studio Version 17
VisualStudioVersion = 17.4.33205.214
MinimumVisualStudioVersion = 10.0.40219.1
Project("{2150E333-8FDC-42A3-9474-1A3956D46DE8}") = "src", "src", "{967205FC-A1B0-4295-A62F-9B6587647FAA}"
EndProject
Project("{2150E333-8FDC-42A3-9474-1A3956D46DE8}") = "tests", "tests", "{81641BF6-C80C-44C6-AAF2-7D2C7D9EB690}"
EndProject
Project("{9A19103F-16F7-4668-BE54-9A1E7A4F7556}") = "EazyQuiz.Models", "src\EazyQuiz.Models\EazyQuiz.Models.csproj", "{CF37DBD7-4FFD-466E-9628-04B48EEC97B4}"
EndProject
Project("{9A19103F-16F7-4668-BE54-9A1E7A4F7556}") = "EazyQuiz.Web.Api", "src\EazyQuiz.Web.Api\EazyQuiz.Web.Api.csproj", "{CD59146C-F906-45FC-A198-AB31152A610F}"
EndProject
Project("{9A19103F-16F7-4668-BE54-9A1E7A4F7556}") = "EazyQuiz.Web.Tests", "tests\EazyQuiz.Web.Tests\EazyQuiz.Web.Tests.csproj", "{91AC0748-9B30-4319-A1E9-4C43DCFBD45F}"
EndProject
Project("{9A19103F-16F7-4668-BE54-9A1E7A4F7556}") = "EazyQuiz.Desktop.Admin", "src\EazyQuiz.Desktop.Admin\EazyQuiz.Desktop.Admin.csproj", "{6F3A698E-B6E8-4B66-BB44-BCDBEFBF70DA}"
EndProject
Project("{9A19103F-16F7-4668-BE54-9A1E7A4F7556}") = "EazyQuiz.Desktop.Tests", "tests\EazyQuiz.Desktop.Tests\EazyQuiz.Desktop.Tests.csproj", "{E8245CE0-C950-45E1-B603-E5A4C28DB2D8}"
EndProject
Project("{2150E333-8FDC-42A3-9474-1A3956D46DE8}") = "Solution Items", "Solution Items", "{C07AA022-1F7B-4239-8411-FBC8BA7448F8}"
	ProjectSection(SolutionItems) = preProject
		.editorconfig = .editorconfig
		global.json = global.json
	EndProjectSection
EndProject
Project("{9A19103F-16F7-4668-BE54-9A1E7A4F7556}") = "EazyQuiz.Extensions", "src\EazyQuiz.Extensions\EazyQuiz.Extensions.csproj", "{6E9AA1FA-FE44-4D29-95C6-F50CF50CF109}"
EndProject
Global
	GlobalSection(SolutionConfigurationPlatforms) = preSolution
		Debug|Any CPU = Debug|Any CPU
		Release|Any CPU = Release|Any CPU
	EndGlobalSection
	GlobalSection(ProjectConfigurationPlatforms) = postSolution
		{CF37DBD7-4FFD-466E-9628-04B48EEC97B4}.Debug|Any CPU.ActiveCfg = Debug|Any CPU
		{CF37DBD7-4FFD-466E-9628-04B48EEC97B4}.Debug|Any CPU.Build.0 = Debug|Any CPU
		{CF37DBD7-4FFD-466E-9628-04B48EEC97B4}.Release|Any CPU.ActiveCfg = Release|Any CPU
		{CF37DBD7-4FFD-466E-9628-04B48EEC97B4}.Release|Any CPU.Build.0 = Release|Any CPU
		{CD59146C-F906-45FC-A198-AB31152A610F}.Debug|Any CPU.ActiveCfg = Debug|Any CPU
		{CD59146C-F906-45FC-A198-AB31152A610F}.Debug|Any CPU.Build.0 = Debug|Any CPU
		{CD59146C-F906-45FC-A198-AB31152A610F}.Release|Any CPU.ActiveCfg = Release|Any CPU
		{CD59146C-F906-45FC-A198-AB31152A610F}.Release|Any CPU.Build.0 = Release|Any CPU
		{91AC0748-9B30-4319-A1E9-4C43DCFBD45F}.Debug|Any CPU.ActiveCfg = Debug|Any CPU
		{91AC0748-9B30-4319-A1E9-4C43DCFBD45F}.Debug|Any CPU.Build.0 = Debug|Any CPU
		{91AC0748-9B30-4319-A1E9-4C43DCFBD45F}.Release|Any CPU.ActiveCfg = Release|Any CPU
		{91AC0748-9B30-4319-A1E9-4C43DCFBD45F}.Release|Any CPU.Build.0 = Release|Any CPU
		{6F3A698E-B6E8-4B66-BB44-BCDBEFBF70DA}.Debug|Any CPU.ActiveCfg = Debug|Any CPU
		{6F3A698E-B6E8-4B66-BB44-BCDBEFBF70DA}.Debug|Any CPU.Build.0 = Debug|Any CPU
		{6F3A698E-B6E8-4B66-BB44-BCDBEFBF70DA}.Release|Any CPU.ActiveCfg = Release|Any CPU
		{6F3A698E-B6E8-4B66-BB44-BCDBEFBF70DA}.Release|Any CPU.Build.0 = Release|Any CPU
		{E8245CE0-C950-45E1-B603-E5A4C28DB2D8}.Debug|Any CPU.ActiveCfg = Debug|Any CPU
		{E8245CE0-C950-45E1-B603-E5A4C28DB2D8}.Debug|Any CPU.Build.0 = Debug|Any CPU
		{E8245CE0-C950-45E1-B603-E5A4C28DB2D8}.Release|Any CPU.ActiveCfg = Release|Any CPU
		{E8245CE0-C950-45E1-B603-E5A4C28DB2D8}.Release|Any CPU.Build.0 = Release|Any CPU
		{6E9AA1FA-FE44-4D29-95C6-F50CF50CF109}.Debug|Any CPU.ActiveCfg = Debug|Any CPU
		{6E9AA1FA-FE44-4D29-95C6-F50CF50CF109}.Debug|Any CPU.Build.0 = Debug|Any CPU
		{6E9AA1FA-FE44-4D29-95C6-F50CF50CF109}.Release|Any CPU.ActiveCfg = Release|Any CPU
		{6E9AA1FA-FE44-4D29-95C6-F50CF50CF109}.Release|Any CPU.Build.0 = Release|Any CPU
	EndGlobalSection
	GlobalSection(SolutionProperties) = preSolution
		HideSolutionNode = FALSE
	EndGlobalSection
	GlobalSection(NestedProjects) = preSolution
		{CF37DBD7-4FFD-466E-9628-04B48EEC97B4} = {967205FC-A1B0-4295-A62F-9B6587647FAA}
		{CD59146C-F906-45FC-A198-AB31152A610F} = {967205FC-A1B0-4295-A62F-9B6587647FAA}
		{91AC0748-9B30-4319-A1E9-4C43DCFBD45F} = {81641BF6-C80C-44C6-AAF2-7D2C7D9EB690}
		{6F3A698E-B6E8-4B66-BB44-BCDBEFBF70DA} = {967205FC-A1B0-4295-A62F-9B6587647FAA}
		{E8245CE0-C950-45E1-B603-E5A4C28DB2D8} = {81641BF6-C80C-44C6-AAF2-7D2C7D9EB690}
		{6E9AA1FA-FE44-4D29-95C6-F50CF50CF109} = {967205FC-A1B0-4295-A62F-9B6587647FAA}
	EndGlobalSection
	GlobalSection(ExtensibilityGlobals) = postSolution
		SolutionGuid = {E9DF3BFA-6A82-4069-A936-4C737D9C7A18}
	EndGlobalSection
EndGlobal
